{
  "name": "stompjs-nodejs",
  "version": "0.0.1",
  "lockfileVersion": 1,
  "requires": true,
  "dependencies": {
    "@stomp/stompjs": {
      "version": "5.3.0",
      "resolved": "https://registry.npmjs.org/@stomp/stompjs/-/stompjs-5.3.0.tgz",
      "integrity": "sha512-mxxDahoj59waZtwiBT54SLo0Rw8JCItwlEFk9l99LTPZBleaSXXfjVw7JoU/CqbfJKddwu0PZ5noiFyLM8uPJQ=="
    },
    "@types/node": {
      "version": "11.13.0",
      "resolved": "https://registry.npmjs.org/@types/node/-/node-11.13.0.tgz",
      "integrity": "sha512-rx29MMkRdVmzunmiA4lzBYJNnXsW/PhG4kMBy2ATsYaDjGGR75dCFEVVROKpNwlVdcUX3xxlghKQOeDPBJobng==",
      "dev": true
    },
    "async-limiter": {
      "version": "1.0.0",
      "resolved": "https://registry.npmjs.org/async-limiter/-/async-limiter-1.0.0.tgz",
      "integrity": "sha512-jp/uFnooOiO+L211eZOoSyzpOITMXx1rBITauYykG3BRYPu8h0UcxsPNB04RR5vo4Tyz3+ay17tR6JVf9qzYWg=="
    },
    "prettier": {
      "version": "1.16.4",
      "resolved": "https://registry.npmjs.org/prettier/-/prettier-1.16.4.tgz",
      "integrity": "sha512-ZzWuos7TI5CKUeQAtFd6Zhm2s6EpAD/ZLApIhsF9pRvRtM1RFo61dM/4MSRUA0SuLugA/zgrZD8m0BaY46Og7g==",
      "dev": true
    },
    "ws": {
      "version": "6.2.1",
      "resolved": "https://registry.npmjs.org/ws/-/ws-6.2.1.tgz",
      "integrity": "sha512-GIyAXC2cB7LjvpgMt9EKS2ldqr0MTrORaleiOno6TweZ6r3TKtoFQWay/2PceJ3RuBasOHzXNn5Lrw1X0bEjqA==",
      "requires": {
        "async-limiter": "~1.0.0"
      }
    }
  }
}
